// !$*UTF8*$!
{
	archiveVersion = 1;
	classes = {
	};
	objectVersion = 48;
	objects = {

/* Begin PBXBuildFile section */
		852EF9B41FF45ED60096B974 /* AppDelegate.swift in Sources */ = {isa = PBXBuildFile; fileRef = 852EF9B31FF45ED60096B974 /* AppDelegate.swift */; };
		852EF9B61FF45ED60096B974 /* HomeController.swift in Sources */ = {isa = PBXBuildFile; fileRef = 852EF9B51FF45ED60096B974 /* HomeController.swift */; };
		852EF9B91FF45ED60096B974 /* Main.storyboard in Resources */ = {isa = PBXBuildFile; fileRef = 852EF9B71FF45ED60096B974 /* Main.storyboard */; };
		852EF9BB1FF45ED60096B974 /* Assets.xcassets in Resources */ = {isa = PBXBuildFile; fileRef = 852EF9BA1FF45ED60096B974 /* Assets.xcassets */; };
		852EF9BE1FF45ED60096B974 /* LaunchScreen.storyboard in Resources */ = {isa = PBXBuildFile; fileRef = 852EF9BC1FF45ED60096B974 /* LaunchScreen.storyboard */; };
		8555907F1FFB347300A43843 /* Extensions.swift in Sources */ = {isa = PBXBuildFile; fileRef = 8555907E1FFB347300A43843 /* Extensions.swift */; };
		855590811FFB354400A43843 /* VideoCell.swift in Sources */ = {isa = PBXBuildFile; fileRef = 855590801FFB354400A43843 /* VideoCell.swift */; };
		855590831FFCB4E200A43843 /* MenuBar.swift in Sources */ = {isa = PBXBuildFile; fileRef = 855590821FFCB4E200A43843 /* MenuBar.swift */; };
/* End PBXBuildFile section */

/* Begin PBXFileReference section */
		852EF9B01FF45ED60096B974 /* YouTube.app */ = {isa = PBXFileReference; explicitFileType = wrapper.application; includeInIndex = 0; path = YouTube.app; sourceTree = BUILT_PRODUCTS_DIR; };
		852EF9B31FF45ED60096B974 /* AppDelegate.swift */ = {isa = PBXFileReference; lastKnownFileType = sourcecode.swift; path = AppDelegate.swift; sourceTree = "<group>"; };
		852EF9B51FF45ED60096B974 /* HomeController.swift */ = {isa = PBXFileReference; lastKnownFileType = sourcecode.swift; path = HomeController.swift; sourceTree = "<group>"; };
		852EF9B81FF45ED60096B974 /* Base */ = {isa = PBXFileReference; lastKnownFileType = file.storyboard; name = Base; path = Base.lproj/Main.storyboard; sourceTree = "<group>"; };
		852EF9BA1FF45ED60096B974 /* Assets.xcassets */ = {isa = PBXFileReference; lastKnownFileType = folder.assetcatalog; path = Assets.xcassets; sourceTree = "<group>"; };
		852EF9BD1FF45ED60096B974 /* Base */ = {isa = PBXFileReference; lastKnownFileType = file.storyboard; name = Base; path = Base.lproj/LaunchScreen.storyboard; sourceTree = "<group>"; };
		852EF9BF1FF45ED60096B974 /* Info.plist */ = {isa = PBXFileReference; lastKnownFileType = text.plist.xml; path = Info.plist; sourceTree = "<group>"; };
		8555907E1FFB347300A43843 /* Extensions.swift */ = {isa = PBXFileReference; lastKnownFileType = sourcecode.swift; path = Extensions.swift; sourceTree = "<group>"; };
		855590801FFB354400A43843 /* VideoCell.swift */ = {isa = PBXFileReference; lastKnownFileType = sourcecode.swift; path = VideoCell.swift; sourceTree = "<group>"; };
		855590821FFCB4E200A43843 /* MenuBar.swift */ = {isa = PBXFileReference; lastKnownFileType = sourcecode.swift; path = MenuBar.swift; sourceTree = "<group>"; };
/* End PBXFileReference section */

/* Begin PBXFrameworksBuildPhase section */
		852EF9AD1FF45ED60096B974 /* Frameworks */ = {
			isa = PBXFrameworksBuildPhase;
			buildActionMask = 2147483647;
			files = (
			);
			runOnlyForDeploymentPostprocessing = 0;
		};
/* End PBXFrameworksBuildPhase section */

/* Begin PBXGroup section */
		852EF9A71FF45ED60096B974 = {
			isa = PBXGroup;
			children = (
				852EF9B21FF45ED60096B974 /* YouTube */,
				852EF9B11FF45ED60096B974 /* Products */,
			);
			sourceTree = "<group>";
		};
		852EF9B11FF45ED60096B974 /* Products */ = {
			isa = PBXGroup;
			children = (
				852EF9B01FF45ED60096B974 /* YouTube.app */,
			);
			name = Products;
			sourceTree = "<group>";
		};
		852EF9B21FF45ED60096B974 /* YouTube */ = {
			isa = PBXGroup;
			children = (
				852EF9B31FF45ED60096B974 /* AppDelegate.swift */,
				852EF9B51FF45ED60096B974 /* HomeController.swift */,
				852EF9B71FF45ED60096B974 /* Main.storyboard */,
				852EF9BA1FF45ED60096B974 /* Assets.xcassets */,
				852EF9BC1FF45ED60096B974 /* LaunchScreen.storyboard */,
				852EF9BF1FF45ED60096B974 /* Info.plist */,
				8555907E1FFB347300A43843 /* Extensions.swift */,
				855590801FFB354400A43843 /* VideoCell.swift */,
				855590821FFCB4E200A43843 /* MenuBar.swift */,
			);
			path = YouTube;
			sourceTree = "<group>";
		};
/* End PBXGroup section */

/* Begin PBXNativeTarget section */
		852EF9AF1FF45ED60096B974 /* YouTube */ = {
			isa = PBXNativeTarget;
			buildConfigurationList = 852EF9C21FF45ED60096B974 /* Build configuration list for PBXNativeTarget "YouTube" */;
			buildPhases = (
				852EF9AC1FF45ED60096B974 /* Sources */,
				852EF9AD1FF45ED60096B974 /* Frameworks */,
				852EF9AE1FF45ED60096B974 /* Resources */,
			);
			buildRules = (
			);
			dependencies = (
			);
			name = YouTube;
			productName = YouTube;
			productReference = 852EF9B01FF45ED60096B974 /* YouTube.app */;
			productType = "com.apple.product-type.application";
		};
/* End PBXNativeTarget section */

/* Begin PBXProject section */
		852EF9A81FF45ED60096B974 /* Project object */ = {
			isa = PBXProject;
			attributes = {
				LastSwiftUpdateCheck = 0920;
				LastUpgradeCheck = 0920;
				ORGANIZATIONNAME = Zapotiltic23;
				TargetAttributes = {
					852EF9AF1FF45ED60096B974 = {
						CreatedOnToolsVersion = 9.2;
						ProvisioningStyle = Automatic;
					};
				};
			};
			buildConfigurationList = 852EF9AB1FF45ED60096B974 /* Build configuration list for PBXProject "YouTube" */;
			compatibilityVersion = "Xcode 8.0";
			developmentRegion = en;
			hasScannedForEncodings = 0;
			knownRegions = (
				en,
				Base,
			);
			mainGroup = 852EF9A71FF45ED60096B974;
			productRefGroup = 852EF9B11FF45ED60096B974 /* Products */;
			projectDirPath = "";
			projectRoot = "";
			targets = (
				852EF9AF1FF45ED60096B974 /* YouTube */,
			);
		};
/* End PBXProject section */

/* Begin PBXResourcesBuildPhase section */
		852EF9AE1FF45ED60096B974 /* Resources */ = {
			isa = PBXResourcesBuildPhase;
			buildActionMask = 2147483647;
			files = (
				852EF9BE1FF45ED60096B974 /* LaunchScreen.storyboard in Resources */,
				852EF9BB1FF45ED60096B974 /* Assets.xcassets in Resources */,
				852EF9B91FF45ED60096B974 /* Main.storyboard in Resources */,
			);
			runOnlyForDeploymentPostprocessing = 0;
		};
/* End PBXResourcesBuildPhase section */

/* Begin PBXSourcesBuildPhase section */
		852EF9AC1FF45ED60096B974 /* Sources */ = {
			isa = PBXSourcesBuildPhase;
			buildActionMask = 2147483647;
			files = (
				852EF9B61FF45ED60096B974 /* HomeController.swift in Sources */,
				855590811FFB354400A43843 /* VideoCell.swift in Sources */,
				8555907F1FFB347300A43843 /* Extensions.swift in Sources */,
				852EF9B41FF45ED60096B974 /* AppDelegate.swift in Sources */,
				855590831FFCB4E200A43843 /* MenuBar.swift in Sources */,
			);
			runOnlyForDeploymentPostprocessing = 0;
		};
/* End PBXSourcesBuildPhase section */

/* Begin PBXVariantGroup section */
		852EF9B71FF45ED60096B974 /* Main.storyboard */ = {
			isa = PBXVariantGroup;
			children = (
				852EF9B81FF45ED60096B974 /* Base */,
			);
			name = Main.storyboard;
			sourceTree = "<group>";
		};
		852EF9BC1FF45ED60096B974 /* LaunchScreen.storyboard */ = {
			isa = PBXVariantGroup;
			children = (
				852EF9BD1FF45ED60096B974 /* Base */,
			);
			name = LaunchScreen.storyboard;
			sourceTree = "<group>";
		};
/* End PBXVariantGroup section */

/* Begin XCBuildConfiguration section */
		852EF9C01FF45ED60096B974 /* Debug */ = {
			isa = XCBuildConfiguration;
			buildSettings = {
				ALWAYS_SEARCH_USER_PATHS = NO;
				CLANG_ANALYZER_NONNULL = YES;
				CLANG_ANALYZER_NUMBER_OBJECT_CONVERSION = YES_AGGRESSIVE;
				CLANG_CXX_LANGUAGE_STANDARD = "gnu++14";
				CLANG_CXX_LIBRARY = "libc++";
				CLANG_ENABLE_MODULES = YES;
				CLANG_ENABLE_OBJC_ARC = YES;
				CLANG_WARN_BLOCK_CAPTURE_AUTORELEASING = YES;
				CLANG_WARN_BOOL_CONVERSION = YES;
				CLANG_WARN_COMMA = YES;
				CLANG_WARN_CONSTANT_CONVERSION = YES;
				CLANG_WARN_DIRECT_OBJC_ISA_USAGE = YES_ERROR;
				CLANG_WARN_DOCUMENTATION_COMMENTS = YES;
				CLANG_WARN_EMPTY_BODY = YES;
				CLANG_WARN_ENUM_CONVERSION = YES;
				CLANG_WARN_INFINITE_RECURSION = YES;
				CLANG_WARN_INT_CONVERSION = YES;
				CLANG_WARN_NON_LITERAL_NULL_CONVERSION = YES;
				CLANG_WARN_OBJC_LITERAL_CONVERSION = YES;
				CLANG_WARN_OBJC_ROOT_CLASS = YES_ERROR;
				CLANG_WARN_RANGE_LOOP_ANALYSIS = YES;
				CLANG_WARN_STRICT_PROTOTYPES = YES;
				CLANG_WARN_SUSPICIOUS_MOVE = YES;
				CLANG_WARN_UNGUARDED_AVAILABILITY = YES_AGGRESSIVE;
				CLANG_WARN_UNREACHABLE_CODE = YES;
				CLANG_WARN__DUPLICATE_METHOD_MATCH = YES;
				CODE_SIGN_IDENTITY = "iPhone Developer";
				COPY_PHASE_STRIP = NO;
				DEBUG_INFORMATION_FORMAT = dwarf;
				ENABLE_STRICT_OBJC_MSGSEND = YES;
				ENABLE_TESTABILITY = YES;
				GCC_C_LANGUAGE_STANDARD = gnu11;
				GCC_DYNAMIC_NO_PIC = NO;
				GCC_NO_COMMON_BLOCKS = YES;
				GCC_OPTIMIZATION_LEVEL = 0;
				GCC_PREPROCESSOR_DEFINITIONS = (
					"DEBUG=1",
					"$(inherited)",
				);
				GCC_WARN_64_TO_32_BIT_CONVERSION = YES;
				GCC_WARN_ABOUT_RETURN_TYPE = YES_ERROR;
				GCC_WARN_UNDECLARED_SELECTOR = YES;
				GCC_WARN_UNINITIALIZED_AUTOS = YES_AGGRESSIVE;
				GCC_WARN_UNUSED_FUNCTION = YES;
				GCC_WARN_UNUSED_VARIABLE = YES;
				IPHONEOS_DEPLOYMENT_TARGET = 11.2;
				MTL_ENABLE_DEBUG_INFO = YES;
				ONLY_ACTIVE_ARCH = YES;
				SDKROOT = iphoneos;
				SWIFT_ACTIVE_COMPILATION_CONDITIONS = DEBUG;
				SWIFT_OPTIMIZATION_LEVEL = "-Onone";
			};
			name = Debug;
		};
		852EF9C11FF45ED60096B974 /* Release */ = {
			isa = XCBuildConfiguration;
			buildSettings = {
				ALWAYS_SEARCH_USER_PATHS = NO;
				CLANG_ANALYZER_NONNULL = YES;
				CLANG_ANALYZER_NUMBER_OBJECT_CONVERSION = YES_AGGRESSIVE;
				CLANG_CXX_LANGUAGE_STANDARD = "gnu++14";
				CLANG_CXX_LIBRARY = "libc++";
				CLANG_ENABLE_MODULES = YES;
				CLANG_ENABLE_OBJC_ARC = YES;
				CLANG_WARN_BLOCK_CAPTURE_AUTORELEASING = YES;
				CLANG_WARN_BOOL_CONVERSION = YES;
				CLANG_WARN_COMMA = YES;
				CLANG_WARN_CONSTANT_CONVERSION = YES;
				CLANG_WARN_DIRECT_OBJC_ISA_USAGE = YES_ERROR;
				CLANG_WARN_DOCUMENTATION_COMMENTS = YES;
				CLANG_WARN_EMPTY_BODY = YES;
				CLANG_WARN_ENUM_CONVERSION = YES;
				CLANG_WARN_INFINITE_RECURSION = YES;
				CLANG_WARN_INT_CONVERSION = YES;
				CLANG_WARN_NON_LITERAL_NULL_CONVERSION = YES;
				CLANG_WARN_OBJC_LITERAL_CONVERSION = YES;
				CLANG_WARN_OBJC_ROOT_CLASS = YES_ERROR;
				CLANG_WARN_RANGE_LOOP_ANALYSIS = YES;
				CLANG_WARN_STRICT_PROTOTYPES = YES;
				CLANG_WARN_SUSPICIOUS_MOVE = YES;
				CLANG_WARN_UNGUARDED_AVAILABILITY = YES_AGGRESSIVE;
				CLANG_WARN_UNREACHABLE_CODE = YES;
				CLANG_WARN__DUPLICATE_METHOD_MATCH = YES;
				CODE_SIGN_IDENTITY = "iPhone Developer";
				COPY_PHASE_STRIP = NO;
				DEBUG_INFORMATION_FORMAT = "dwarf-with-dsym";
				ENABLE_NS_ASSERTIONS = NO;
				ENABLE_STRICT_OBJC_MSGSEND = YES;
				GCC_C_LANGUAGE_STANDARD = gnu11;
				GCC_NO_COMMON_BLOCKS = YES;
				GCC_WARN_64_TO_32_BIT_CONVERSION = YES;
				GCC_WARN_ABOUT_RETURN_TYPE = YES_ERROR;
				GCC_WARN_UNDECLARED_SELECTOR = YES;
				GCC_WARN_UNINITIALIZED_AUTOS = YES_AGGRESSIVE;
				GCC_WARN_UNUSED_FUNCTION = YES;
				GCC_WARN_UNUSED_VARIABLE = YES;
				IPHONEOS_DEPLOYMENT_TARGET = 11.2;
				MTL_ENABLE_DEBUG_INFO = NO;
				SDKROOT = iphoneos;
				SWIFT_OPTIMIZATION_LEVEL = "-Owholemodule";
				VALIDATE_PRODUCT = YES;
			};
			name = Release;
		};
		852EF9C31FF45ED60096B974 /* Debug */ = {
			isa = XCBuildConfiguration;
			buildSettings = {
				ASSETCATALOG_COMPILER_APPICON_NAME = AppIcon;
				CODE_SIGN_STYLE = Automatic;
				DEVELOPMENT_TEAM = S4LHGXBCB7;
				INFOPLIST_FILE = YouTube/Info.plist;
				LD_RUNPATH_SEARCH_PATHS = "$(inherited) @executable_path/Frameworks";
				PRODUCT_BUNDLE_IDENTIFIER = Zapotiltic23.YouTube;
				PRODUCT_NAME = "$(TARGET_NAME)";
				SWIFT_VERSION = 4.0;
				TARGETED_DEVICE_FAMILY = "1,2";
			};
			name = Debug;
		};
		852EF9C41FF45ED60096B974 /* Release */ = {
			isa = XCBuildConfiguration;
			buildSettings = {
				ASSETCATALOG_COMPILER_APPICON_NAME = AppIcon;
				CODE_SIGN_STYLE = Automatic;
				DEVELOPMENT_TEAM = S4LHGXBCB7;
				INFOPLIST_FILE = YouTube/Info.plist;
				LD_RUNPATH_SEARCH_PATHS = "$(inherited) @executable_path/Frameworks";
				PRODUCT_BUNDLE_IDENTIFIER = Zapotiltic23.YouTube;
				PRODUCT_NAME = "$(TARGET_NAME)";
				SWIFT_VERSION = 4.0;
				TARGETED_DEVICE_FAMILY = "1,2";
			};
			name = Release;
		};
/* End XCBuildConfiguration section */

/* Begin XCConfigurationList section */
		852EF9AB1FF45ED60096B974 /* Build configuration list for PBXProject "YouTube" */ = {
			isa = XCConfigurationList;
			buildConfigurations = (
				852EF9C01FF45ED60096B974 /* Debug */,
				852EF9C11FF45ED60096B974 /* Release */,
			);
			defaultConfigurationIsVisible = 0;
			defaultConfigurationName = Release;
		};
		852EF9C21FF45ED60096B974 /* Build configuration list for PBXNativeTarget "YouTube" */ = {
			isa = XCConfigurationList;
			buildConfigurations = (
				852EF9C31FF45ED60096B974 /* Debug */,
				852EF9C41FF45ED60096B974 /* Release */,
			);
			defaultConfigurationIsVisible = 0;
			defaultConfigurationName = Release;
		};
/* End XCConfigurationList section */
	};
	rootObject = 852EF9A81FF45ED60096B974 /* Project object */;
}
